{
  "name": "iiif-watermarking-experiements",
  "version": "1.0.0",
  "lockfileVersion": 1,
  "requires": true,
  "dependencies": {
    "tify": {
      "version": "0.22.2",
      "resolved": "https://registry.npmjs.org/tify/-/tify-0.22.2.tgz",
      "integrity": "sha512-zsOFNzHPSLLaR6wKb+m8SMB/I14tM3MdxWlo9xh2Nd+uuj3gC3r4+xkPepQI4tpqSEX6wbQC5rOUFHty6iQfHw=="
    }
  }
}
